
Microsoft Visual Studio Solution File, Format Version 12.00
# Visual Studio Version 17
VisualStudioVersion = 17.2.32526.322
MinimumVisualStudioVersion = 10.0.40219.1
Project("{9A19103F-16F7-4668-BE54-9A1E7A4F7556}") = "Fibonacci", "Fibonacci.csproj", "{77B81F48-0DB5-4223-9D4F-2FFCC6BEF589}"
EndProject
Global
	GlobalSection(SolutionConfigurationPlatforms) = preSolution
		Debug|Any CPU = Debug|Any CPU
		Release|Any CPU = Release|Any CPU
	EndGlobalSection
	GlobalSection(ProjectConfigurationPlatforms) = postSolution
		{77B81F48-0DB5-4223-9D4F-2FFCC6BEF589}.Debug|Any CPU.ActiveCfg = Debug|Any CPU
		{77B81F48-0DB5-4223-9D4F-2FFCC6BEF589}.Debug|Any CPU.Build.0 = Debug|Any CPU
		{77B81F48-0DB5-4223-9D4F-2FFCC6BEF589}.Release|Any CPU.ActiveCfg = Release|Any CPU
		{77B81F48-0DB5-4223-9D4F-2FFCC6BEF589}.Release|Any CPU.Build.0 = Release|Any CPU
	EndGlobalSection
	GlobalSection(SolutionProperties) = preSolution
		HideSolutionNode = FALSE
	EndGlobalSection
	GlobalSection(ExtensibilityGlobals) = postSolution
		SolutionGuid = {99D27F48-9129-4C6A-98DD-25E1BB164FBA}
	EndGlobalSection
EndGlobal
